
Microsoft Visual Studio Solution File, Format Version 12.00
# Visual Studio Version 17
VisualStudioVersion = 17.0.31717.71
MinimumVisualStudioVersion = 10.0.40219.1
Project("{9A19103F-16F7-4668-BE54-9A1E7A4F7556}") = "Travel.API", "API\Travel.API.csproj", "{59455ADE-E0A7-4C35-862C-4D63EA890641}"
EndProject
Project("{9A19103F-16F7-4668-BE54-9A1E7A4F7556}") = "Entities", "Domain\Entities.csproj", "{96277A9E-523D-4BBB-905D-F1A8F22EC6DA}"
EndProject
Project("{9A19103F-16F7-4668-BE54-9A1E7A4F7556}") = "Persistence.Sqlite", "Persistence\Persistence.Sqlite.csproj", "{5F5AC2C4-BC43-44C4-89D6-E34AFCEAB2E3}"
EndProject
Project("{9A19103F-16F7-4668-BE54-9A1E7A4F7556}") = "Application", "Application\Application.csproj", "{F2E8B871-E1AD-4A31-9147-4A89DF7A061B}"
EndProject
Project("{9A19103F-16F7-4668-BE54-9A1E7A4F7556}") = "AdminPanel", "WinClient\AdminPanel.csproj", "{C51DCAE8-0CE8-4287-A027-129A101769DD}"
EndProject
Project("{9A19103F-16F7-4668-BE54-9A1E7A4F7556}") = "Infrastructure", "Infrastructure\Infrastructure.csproj", "{9948B52C-E98A-4A59-8B77-AC3E3069868F}"
EndProject
Project("{2150E333-8FDC-42A3-9474-1A3956D46DE8}") = "Solution Items", "Solution Items", "{BEEA5EED-EC55-49B9-A7F6-C7B8E071EF06}"
	ProjectSection(SolutionItems) = preProject
		readme.md = readme.md
	EndProjectSection
EndProject
Project("{2150E333-8FDC-42A3-9474-1A3956D46DE8}") = "0 Entities", "0 Entities", "{66700910-7C23-4152-86BF-3264F7C559B5}"
EndProject
Project("{9A19103F-16F7-4668-BE54-9A1E7A4F7556}") = "Identity", "Identity\Identity.csproj", "{33795769-B3ED-458F-A4F6-7CF61E3A712E}"
EndProject
Project("{2150E333-8FDC-42A3-9474-1A3956D46DE8}") = "1 Infrastucture", "1 Infrastucture", "{100A1A9C-0013-4880-BCDD-97D4112A29EE}"
EndProject
Project("{2150E333-8FDC-42A3-9474-1A3956D46DE8}") = "2 Persistence", "2 Persistence", "{57B7F627-2930-42C1-B3E8-AFA7E24590BF}"
EndProject
Project("{E24C65DC-7377-472B-9ABA-BC803B73C61A}") = "react.client-app", "react.client-app\", "{7C00EACF-3031-4412-A593-5F6B225C785C}"
	ProjectSection(WebsiteProperties) = preProject
		TargetFrameworkMoniker = ".NETFramework,Version%3Dv4.0"
		Debug.AspNetCompiler.VirtualPath = "/localhost_53454"
		Debug.AspNetCompiler.PhysicalPath = "react.client-app\"
		Debug.AspNetCompiler.TargetPath = "PrecompiledWeb\localhost_53454\"
		Debug.AspNetCompiler.Updateable = "true"
		Debug.AspNetCompiler.ForceOverwrite = "true"
		Debug.AspNetCompiler.FixedNames = "false"
		Debug.AspNetCompiler.Debug = "True"
		Release.AspNetCompiler.VirtualPath = "/localhost_53454"
		Release.AspNetCompiler.PhysicalPath = "react.client-app\"
		Release.AspNetCompiler.TargetPath = "PrecompiledWeb\localhost_53454\"
		Release.AspNetCompiler.Updateable = "true"
		Release.AspNetCompiler.ForceOverwrite = "true"
		Release.AspNetCompiler.FixedNames = "false"
		Release.AspNetCompiler.Debug = "False"
		VWDPort = "53454"
		SlnRelativePath = "react.client-app\"
	EndProjectSection
EndProject
Project("{2150E333-8FDC-42A3-9474-1A3956D46DE8}") = "3 UseCases", "3 UseCases", "{0AAC6FAB-3B5C-4AB6-B1EB-F0F5AC425208}"
EndProject
Project("{2150E333-8FDC-42A3-9474-1A3956D46DE8}") = "4 Controllers", "4 Controllers", "{DD8166B8-761E-43DF-8A63-C2B9986087F9}"
EndProject
Project("{2150E333-8FDC-42A3-9474-1A3956D46DE8}") = "5 Presentation", "5 Presentation", "{0584ADF7-1514-4EF8-87DC-AEB8D2771935}"
EndProject
Project("{9A19103F-16F7-4668-BE54-9A1E7A4F7556}") = "DomainTests", "Tests\DomainTests.csproj", "{DE4AE98E-08A0-414E-AA5F-D85ACA866E59}"
EndProject
Project("{2150E333-8FDC-42A3-9474-1A3956D46DE8}") = "Web", "Web", "{B5B48195-0D98-40F2-AB5A-54E5D8411832}"
EndProject
Project("{2150E333-8FDC-42A3-9474-1A3956D46DE8}") = "Desktop", "Desktop", "{A4963617-B70D-4151-B1C9-53003D269EA6}"
EndProject
Project("{9A19103F-16F7-4668-BE54-9A1E7A4F7556}") = "WinClient.NTier.Tests", "WinClient.Tests\WinClient.NTier.Tests.csproj", "{3BED8D8E-7779-4747-802C-89B8501F6AAE}"
EndProject
Project("{9A19103F-16F7-4668-BE54-9A1E7A4F7556}") = "WinClient.ClientServer", "WinClient.ClientServer\WinClient.ClientServer.csproj", "{8E366AC7-2035-4573-B99C-0D908F4D74D5}"
EndProject
Project("{2150E333-8FDC-42A3-9474-1A3956D46DE8}") = "Mobile", "Mobile", "{BFC6D95E-74CD-4862-AEDF-EDDAE719DC14}"
EndProject
Project("{FAE04EC0-301F-11D3-BF4B-00C04F79EFBC}") = "MobileClient.UWP", "MobileClient\MobileClient.UWP\MobileClient.UWP.csproj", "{F7E8B348-8F78-4974-BDED-6A2022EFEDB5}"
EndProject
Project("{FAE04EC0-301F-11D3-BF4B-00C04F79EFBC}") = "MobileClient.Android", "MobileClient\MobileClient.Android\MobileClient.Android.csproj", "{5619DB8E-32E2-434E-9D9E-2DA301F01DDA}"
EndProject
Project("{FAE04EC0-301F-11D3-BF4B-00C04F79EFBC}") = "MobileClient.iOS", "MobileClient\MobileClient.iOS\MobileClient.iOS.csproj", "{00FE2E51-C322-47FC-AE61-3C9581579582}"
EndProject
Project("{9A19103F-16F7-4668-BE54-9A1E7A4F7556}") = "MobileClient", "MobileClient\MobileClient\MobileClient.csproj", "{551E99A2-6E0C-4B52-90BC-1BEFDB4FB55C}"
EndProject
Project("{FAE04EC0-301F-11D3-BF4B-00C04F79EFBC}") = "Airline.API", "Airline.API\Airline.API.csproj", "{F434C6C3-E790-4BBF-9487-F3F8C11F0DF8}"
EndProject
Project("{2150E333-8FDC-42A3-9474-1A3956D46DE8}") = "Airline", "Airline", "{FC1392D6-EA05-46BF-9824-54D82FEE173E}"
EndProject
Project("{2150E333-8FDC-42A3-9474-1A3956D46DE8}") = "Travel", "Travel", "{F97114EB-7BE1-406B-8993-128692D04CB8}"
EndProject
Project("{2150E333-8FDC-42A3-9474-1A3956D46DE8}") = "0 Entitites", "0 Entitites", "{DB314D0A-0645-4FB8-931C-EB36507CC653}"
EndProject
Project("{2150E333-8FDC-42A3-9474-1A3956D46DE8}") = "1 Infrastracture", "1 Infrastracture", "{FAF8C868-6AF1-43C6-ACD1-4DE0EED53FC7}"
	ProjectSection(SolutionItems) = preProject
		docker-compose.yaml = docker-compose.yaml
	EndProjectSection
EndProject
Project("{2150E333-8FDC-42A3-9474-1A3956D46DE8}") = "2 Persistence", "2 Persistence", "{6416C4A2-C770-4583-B1AC-C85309781A71}"
EndProject
Project("{2150E333-8FDC-42A3-9474-1A3956D46DE8}") = "3 UseCases", "3 UseCases", "{589AC98A-C562-4BC0-9DED-F59FE173314C}"
EndProject
Project("{2150E333-8FDC-42A3-9474-1A3956D46DE8}") = "4 Controllers", "4 Controllers", "{F972350C-E07D-410F-895B-7CD18252081C}"
EndProject
Project("{2150E333-8FDC-42A3-9474-1A3956D46DE8}") = "5 Prentation", "5 Prentation", "{7415AA04-0E77-4DC1-B552-EF9C5FA6FB1E}"
EndProject
Global
	GlobalSection(SolutionConfigurationPlatforms) = preSolution
		Debug|Any CPU = Debug|Any CPU
		Debug|ARM = Debug|ARM
		Debug|iPhone = Debug|iPhone
		Debug|iPhoneSimulator = Debug|iPhoneSimulator
		Debug|x64 = Debug|x64
		Debug|x86 = Debug|x86
		Release|Any CPU = Release|Any CPU
		Release|ARM = Release|ARM
		Release|iPhone = Release|iPhone
		Release|iPhoneSimulator = Release|iPhoneSimulator
		Release|x64 = Release|x64
		Release|x86 = Release|x86
	EndGlobalSection
	GlobalSection(ProjectConfigurationPlatforms) = postSolution
		{59455ADE-E0A7-4C35-862C-4D63EA890641}.Debug|Any CPU.ActiveCfg = Debug|Any CPU
		{59455ADE-E0A7-4C35-862C-4D63EA890641}.Debug|Any CPU.Build.0 = Debug|Any CPU
		{59455ADE-E0A7-4C35-862C-4D63EA890641}.Debug|ARM.ActiveCfg = Debug|Any CPU
		{59455ADE-E0A7-4C35-862C-4D63EA890641}.Debug|ARM.Build.0 = Debug|Any CPU
		{59455ADE-E0A7-4C35-862C-4D63EA890641}.Debug|iPhone.ActiveCfg = Debug|Any CPU
		{59455ADE-E0A7-4C35-862C-4D63EA890641}.Debug|iPhone.Build.0 = Debug|Any CPU
		{59455ADE-E0A7-4C35-862C-4D63EA890641}.Debug|iPhoneSimulator.ActiveCfg = Debug|Any CPU
		{59455ADE-E0A7-4C35-862C-4D63EA890641}.Debug|iPhoneSimulator.Build.0 = Debug|Any CPU
		{59455ADE-E0A7-4C35-862C-4D63EA890641}.Debug|x64.ActiveCfg = Debug|Any CPU
		{59455ADE-E0A7-4C35-862C-4D63EA890641}.Debug|x64.Build.0 = Debug|Any CPU
		{59455ADE-E0A7-4C35-862C-4D63EA890641}.Debug|x86.ActiveCfg = Debug|Any CPU
		{59455ADE-E0A7-4C35-862C-4D63EA890641}.Debug|x86.Build.0 = Debug|Any CPU
		{59455ADE-E0A7-4C35-862C-4D63EA890641}.Release|Any CPU.ActiveCfg = Release|Any CPU
		{59455ADE-E0A7-4C35-862C-4D63EA890641}.Release|Any CPU.Build.0 = Release|Any CPU
		{59455ADE-E0A7-4C35-862C-4D63EA890641}.Release|ARM.ActiveCfg = Release|Any CPU
		{59455ADE-E0A7-4C35-862C-4D63EA890641}.Release|ARM.Build.0 = Release|Any CPU
		{59455ADE-E0A7-4C35-862C-4D63EA890641}.Release|iPhone.ActiveCfg = Release|Any CPU
		{59455ADE-E0A7-4C35-862C-4D63EA890641}.Release|iPhone.Build.0 = Release|Any CPU
		{59455ADE-E0A7-4C35-862C-4D63EA890641}.Release|iPhoneSimulator.ActiveCfg = Release|Any CPU
		{59455ADE-E0A7-4C35-862C-4D63EA890641}.Release|iPhoneSimulator.Build.0 = Release|Any CPU
		{59455ADE-E0A7-4C35-862C-4D63EA890641}.Release|x64.ActiveCfg = Release|Any CPU
		{59455ADE-E0A7-4C35-862C-4D63EA890641}.Release|x64.Build.0 = Release|Any CPU
		{59455ADE-E0A7-4C35-862C-4D63EA890641}.Release|x86.ActiveCfg = Release|Any CPU
		{59455ADE-E0A7-4C35-862C-4D63EA890641}.Release|x86.Build.0 = Release|Any CPU
		{96277A9E-523D-4BBB-905D-F1A8F22EC6DA}.Debug|Any CPU.ActiveCfg = Debug|Any CPU
		{96277A9E-523D-4BBB-905D-F1A8F22EC6DA}.Debug|Any CPU.Build.0 = Debug|Any CPU
		{96277A9E-523D-4BBB-905D-F1A8F22EC6DA}.Debug|ARM.ActiveCfg = Debug|Any CPU
		{96277A9E-523D-4BBB-905D-F1A8F22EC6DA}.Debug|ARM.Build.0 = Debug|Any CPU
		{96277A9E-523D-4BBB-905D-F1A8F22EC6DA}.Debug|iPhone.ActiveCfg = Debug|Any CPU
		{96277A9E-523D-4BBB-905D-F1A8F22EC6DA}.Debug|iPhone.Build.0 = Debug|Any CPU
		{96277A9E-523D-4BBB-905D-F1A8F22EC6DA}.Debug|iPhoneSimulator.ActiveCfg = Debug|Any CPU
		{96277A9E-523D-4BBB-905D-F1A8F22EC6DA}.Debug|iPhoneSimulator.Build.0 = Debug|Any CPU
		{96277A9E-523D-4BBB-905D-F1A8F22EC6DA}.Debug|x64.ActiveCfg = Debug|Any CPU
		{96277A9E-523D-4BBB-905D-F1A8F22EC6DA}.Debug|x64.Build.0 = Debug|Any CPU
		{96277A9E-523D-4BBB-905D-F1A8F22EC6DA}.Debug|x86.ActiveCfg = Debug|Any CPU
		{96277A9E-523D-4BBB-905D-F1A8F22EC6DA}.Debug|x86.Build.0 = Debug|Any CPU
		{96277A9E-523D-4BBB-905D-F1A8F22EC6DA}.Release|Any CPU.ActiveCfg = Release|Any CPU
		{96277A9E-523D-4BBB-905D-F1A8F22EC6DA}.Release|Any CPU.Build.0 = Release|Any CPU
		{96277A9E-523D-4BBB-905D-F1A8F22EC6DA}.Release|ARM.ActiveCfg = Release|Any CPU
		{96277A9E-523D-4BBB-905D-F1A8F22EC6DA}.Release|ARM.Build.0 = Release|Any CPU
		{96277A9E-523D-4BBB-905D-F1A8F22EC6DA}.Release|iPhone.ActiveCfg = Release|Any CPU
		{96277A9E-523D-4BBB-905D-F1A8F22EC6DA}.Release|iPhone.Build.0 = Release|Any CPU
		{96277A9E-523D-4BBB-905D-F1A8F22EC6DA}.Release|iPhoneSimulator.ActiveCfg = Release|Any CPU
		{96277A9E-523D-4BBB-905D-F1A8F22EC6DA}.Release|iPhoneSimulator.Build.0 = Release|Any CPU
		{96277A9E-523D-4BBB-905D-F1A8F22EC6DA}.Release|x64.ActiveCfg = Release|Any CPU
		{96277A9E-523D-4BBB-905D-F1A8F22EC6DA}.Release|x64.Build.0 = Release|Any CPU
		{96277A9E-523D-4BBB-905D-F1A8F22EC6DA}.Release|x86.ActiveCfg = Release|Any CPU
		{96277A9E-523D-4BBB-905D-F1A8F22EC6DA}.Release|x86.Build.0 = Release|Any CPU
		{5F5AC2C4-BC43-44C4-89D6-E34AFCEAB2E3}.Debug|Any CPU.ActiveCfg = Debug|Any CPU
		{5F5AC2C4-BC43-44C4-89D6-E34AFCEAB2E3}.Debug|Any CPU.Build.0 = Debug|Any CPU
		{5F5AC2C4-BC43-44C4-89D6-E34AFCEAB2E3}.Debug|ARM.ActiveCfg = Debug|Any CPU
		{5F5AC2C4-BC43-44C4-89D6-E34AFCEAB2E3}.Debug|ARM.Build.0 = Debug|Any CPU
		{5F5AC2C4-BC43-44C4-89D6-E34AFCEAB2E3}.Debug|iPhone.ActiveCfg = Debug|Any CPU
		{5F5AC2C4-BC43-44C4-89D6-E34AFCEAB2E3}.Debug|iPhone.Build.0 = Debug|Any CPU
		{5F5AC2C4-BC43-44C4-89D6-E34AFCEAB2E3}.Debug|iPhoneSimulator.ActiveCfg = Debug|Any CPU
		{5F5AC2C4-BC43-44C4-89D6-E34AFCEAB2E3}.Debug|iPhoneSimulator.Build.0 = Debug|Any CPU
		{5F5AC2C4-BC43-44C4-89D6-E34AFCEAB2E3}.Debug|x64.ActiveCfg = Debug|Any CPU
		{5F5AC2C4-BC43-44C4-89D6-E34AFCEAB2E3}.Debug|x64.Build.0 = Debug|Any CPU
		{5F5AC2C4-BC43-44C4-89D6-E34AFCEAB2E3}.Debug|x86.ActiveCfg = Debug|Any CPU
		{5F5AC2C4-BC43-44C4-89D6-E34AFCEAB2E3}.Debug|x86.Build.0 = Debug|Any CPU
		{5F5AC2C4-BC43-44C4-89D6-E34AFCEAB2E3}.Release|Any CPU.ActiveCfg = Release|Any CPU
		{5F5AC2C4-BC43-44C4-89D6-E34AFCEAB2E3}.Release|Any CPU.Build.0 = Release|Any CPU
		{5F5AC2C4-BC43-44C4-89D6-E34AFCEAB2E3}.Release|ARM.ActiveCfg = Release|Any CPU
		{5F5AC2C4-BC43-44C4-89D6-E34AFCEAB2E3}.Release|ARM.Build.0 = Release|Any CPU
		{5F5AC2C4-BC43-44C4-89D6-E34AFCEAB2E3}.Release|iPhone.ActiveCfg = Release|Any CPU
		{5F5AC2C4-BC43-44C4-89D6-E34AFCEAB2E3}.Release|iPhone.Build.0 = Release|Any CPU
		{5F5AC2C4-BC43-44C4-89D6-E34AFCEAB2E3}.Release|iPhoneSimulator.ActiveCfg = Release|Any CPU
		{5F5AC2C4-BC43-44C4-89D6-E34AFCEAB2E3}.Release|iPhoneSimulator.Build.0 = Release|Any CPU
		{5F5AC2C4-BC43-44C4-89D6-E34AFCEAB2E3}.Release|x64.ActiveCfg = Release|Any CPU
		{5F5AC2C4-BC43-44C4-89D6-E34AFCEAB2E3}.Release|x64.Build.0 = Release|Any CPU
		{5F5AC2C4-BC43-44C4-89D6-E34AFCEAB2E3}.Release|x86.ActiveCfg = Release|Any CPU
		{5F5AC2C4-BC43-44C4-89D6-E34AFCEAB2E3}.Release|x86.Build.0 = Release|Any CPU
		{F2E8B871-E1AD-4A31-9147-4A89DF7A061B}.Debug|Any CPU.ActiveCfg = Debug|Any CPU
		{F2E8B871-E1AD-4A31-9147-4A89DF7A061B}.Debug|Any CPU.Build.0 = Debug|Any CPU
		{F2E8B871-E1AD-4A31-9147-4A89DF7A061B}.Debug|ARM.ActiveCfg = Debug|Any CPU
		{F2E8B871-E1AD-4A31-9147-4A89DF7A061B}.Debug|ARM.Build.0 = Debug|Any CPU
		{F2E8B871-E1AD-4A31-9147-4A89DF7A061B}.Debug|iPhone.ActiveCfg = Debug|Any CPU
		{F2E8B871-E1AD-4A31-9147-4A89DF7A061B}.Debug|iPhone.Build.0 = Debug|Any CPU
		{F2E8B871-E1AD-4A31-9147-4A89DF7A061B}.Debug|iPhoneSimulator.ActiveCfg = Debug|Any CPU
		{F2E8B871-E1AD-4A31-9147-4A89DF7A061B}.Debug|iPhoneSimulator.Build.0 = Debug|Any CPU
		{F2E8B871-E1AD-4A31-9147-4A89DF7A061B}.Debug|x64.ActiveCfg = Debug|Any CPU
		{F2E8B871-E1AD-4A31-9147-4A89DF7A061B}.Debug|x64.Build.0 = Debug|Any CPU
		{F2E8B871-E1AD-4A31-9147-4A89DF7A061B}.Debug|x86.ActiveCfg = Debug|Any CPU
		{F2E8B871-E1AD-4A31-9147-4A89DF7A061B}.Debug|x86.Build.0 = Debug|Any CPU
		{F2E8B871-E1AD-4A31-9147-4A89DF7A061B}.Release|Any CPU.ActiveCfg = Release|Any CPU
		{F2E8B871-E1AD-4A31-9147-4A89DF7A061B}.Release|Any CPU.Build.0 = Release|Any CPU
		{F2E8B871-E1AD-4A31-9147-4A89DF7A061B}.Release|ARM.ActiveCfg = Release|Any CPU
		{F2E8B871-E1AD-4A31-9147-4A89DF7A061B}.Release|ARM.Build.0 = Release|Any CPU
		{F2E8B871-E1AD-4A31-9147-4A89DF7A061B}.Release|iPhone.ActiveCfg = Release|Any CPU
		{F2E8B871-E1AD-4A31-9147-4A89DF7A061B}.Release|iPhone.Build.0 = Release|Any CPU
		{F2E8B871-E1AD-4A31-9147-4A89DF7A061B}.Release|iPhoneSimulator.ActiveCfg = Release|Any CPU
		{F2E8B871-E1AD-4A31-9147-4A89DF7A061B}.Release|iPhoneSimulator.Build.0 = Release|Any CPU
		{F2E8B871-E1AD-4A31-9147-4A89DF7A061B}.Release|x64.ActiveCfg = Release|Any CPU
		{F2E8B871-E1AD-4A31-9147-4A89DF7A061B}.Release|x64.Build.0 = Release|Any CPU
		{F2E8B871-E1AD-4A31-9147-4A89DF7A061B}.Release|x86.ActiveCfg = Release|Any CPU
		{F2E8B871-E1AD-4A31-9147-4A89DF7A061B}.Release|x86.Build.0 = Release|Any CPU
		{C51DCAE8-0CE8-4287-A027-129A101769DD}.Debug|Any CPU.ActiveCfg = Debug|Any CPU
		{C51DCAE8-0CE8-4287-A027-129A101769DD}.Debug|Any CPU.Build.0 = Debug|Any CPU
		{C51DCAE8-0CE8-4287-A027-129A101769DD}.Debug|ARM.ActiveCfg = Debug|Any CPU
		{C51DCAE8-0CE8-4287-A027-129A101769DD}.Debug|ARM.Build.0 = Debug|Any CPU
		{C51DCAE8-0CE8-4287-A027-129A101769DD}.Debug|iPhone.ActiveCfg = Debug|Any CPU
		{C51DCAE8-0CE8-4287-A027-129A101769DD}.Debug|iPhone.Build.0 = Debug|Any CPU
		{C51DCAE8-0CE8-4287-A027-129A101769DD}.Debug|iPhoneSimulator.ActiveCfg = Debug|Any CPU
		{C51DCAE8-0CE8-4287-A027-129A101769DD}.Debug|iPhoneSimulator.Build.0 = Debug|Any CPU
		{C51DCAE8-0CE8-4287-A027-129A101769DD}.Debug|x64.ActiveCfg = Debug|Any CPU
		{C51DCAE8-0CE8-4287-A027-129A101769DD}.Debug|x64.Build.0 = Debug|Any CPU
		{C51DCAE8-0CE8-4287-A027-129A101769DD}.Debug|x86.ActiveCfg = Debug|Any CPU
		{C51DCAE8-0CE8-4287-A027-129A101769DD}.Debug|x86.Build.0 = Debug|Any CPU
		{C51DCAE8-0CE8-4287-A027-129A101769DD}.Release|Any CPU.ActiveCfg = Release|Any CPU
		{C51DCAE8-0CE8-4287-A027-129A101769DD}.Release|Any CPU.Build.0 = Release|Any CPU
		{C51DCAE8-0CE8-4287-A027-129A101769DD}.Release|ARM.ActiveCfg = Release|Any CPU
		{C51DCAE8-0CE8-4287-A027-129A101769DD}.Release|ARM.Build.0 = Release|Any CPU
		{C51DCAE8-0CE8-4287-A027-129A101769DD}.Release|iPhone.ActiveCfg = Release|Any CPU
		{C51DCAE8-0CE8-4287-A027-129A101769DD}.Release|iPhone.Build.0 = Release|Any CPU
		{C51DCAE8-0CE8-4287-A027-129A101769DD}.Release|iPhoneSimulator.ActiveCfg = Release|Any CPU
		{C51DCAE8-0CE8-4287-A027-129A101769DD}.Release|iPhoneSimulator.Build.0 = Release|Any CPU
		{C51DCAE8-0CE8-4287-A027-129A101769DD}.Release|x64.ActiveCfg = Release|Any CPU
		{C51DCAE8-0CE8-4287-A027-129A101769DD}.Release|x64.Build.0 = Release|Any CPU
		{C51DCAE8-0CE8-4287-A027-129A101769DD}.Release|x86.ActiveCfg = Release|Any CPU
		{C51DCAE8-0CE8-4287-A027-129A101769DD}.Release|x86.Build.0 = Release|Any CPU
		{9948B52C-E98A-4A59-8B77-AC3E3069868F}.Debug|Any CPU.ActiveCfg = Debug|Any CPU
		{9948B52C-E98A-4A59-8B77-AC3E3069868F}.Debug|Any CPU.Build.0 = Debug|Any CPU
		{9948B52C-E98A-4A59-8B77-AC3E3069868F}.Debug|ARM.ActiveCfg = Debug|Any CPU
		{9948B52C-E98A-4A59-8B77-AC3E3069868F}.Debug|ARM.Build.0 = Debug|Any CPU
		{9948B52C-E98A-4A59-8B77-AC3E3069868F}.Debug|iPhone.ActiveCfg = Debug|Any CPU
		{9948B52C-E98A-4A59-8B77-AC3E3069868F}.Debug|iPhone.Build.0 = Debug|Any CPU
		{9948B52C-E98A-4A59-8B77-AC3E3069868F}.Debug|iPhoneSimulator.ActiveCfg = Debug|Any CPU
		{9948B52C-E98A-4A59-8B77-AC3E3069868F}.Debug|iPhoneSimulator.Build.0 = Debug|Any CPU
		{9948B52C-E98A-4A59-8B77-AC3E3069868F}.Debug|x64.ActiveCfg = Debug|Any CPU
		{9948B52C-E98A-4A59-8B77-AC3E3069868F}.Debug|x64.Build.0 = Debug|Any CPU
		{9948B52C-E98A-4A59-8B77-AC3E3069868F}.Debug|x86.ActiveCfg = Debug|Any CPU
		{9948B52C-E98A-4A59-8B77-AC3E3069868F}.Debug|x86.Build.0 = Debug|Any CPU
		{9948B52C-E98A-4A59-8B77-AC3E3069868F}.Release|Any CPU.ActiveCfg = Release|Any CPU
		{9948B52C-E98A-4A59-8B77-AC3E3069868F}.Release|Any CPU.Build.0 = Release|Any CPU
		{9948B52C-E98A-4A59-8B77-AC3E3069868F}.Release|ARM.ActiveCfg = Release|Any CPU
		{9948B52C-E98A-4A59-8B77-AC3E3069868F}.Release|ARM.Build.0 = Release|Any CPU
		{9948B52C-E98A-4A59-8B77-AC3E3069868F}.Release|iPhone.ActiveCfg = Release|Any CPU
		{9948B52C-E98A-4A59-8B77-AC3E3069868F}.Release|iPhone.Build.0 = Release|Any CPU
		{9948B52C-E98A-4A59-8B77-AC3E3069868F}.Release|iPhoneSimulator.ActiveCfg = Release|Any CPU
		{9948B52C-E98A-4A59-8B77-AC3E3069868F}.Release|iPhoneSimulator.Build.0 = Release|Any CPU
		{9948B52C-E98A-4A59-8B77-AC3E3069868F}.Release|x64.ActiveCfg = Release|Any CPU
		{9948B52C-E98A-4A59-8B77-AC3E3069868F}.Release|x64.Build.0 = Release|Any CPU
		{9948B52C-E98A-4A59-8B77-AC3E3069868F}.Release|x86.ActiveCfg = Release|Any CPU
		{9948B52C-E98A-4A59-8B77-AC3E3069868F}.Release|x86.Build.0 = Release|Any CPU
		{33795769-B3ED-458F-A4F6-7CF61E3A712E}.Debug|Any CPU.ActiveCfg = Debug|Any CPU
		{33795769-B3ED-458F-A4F6-7CF61E3A712E}.Debug|Any CPU.Build.0 = Debug|Any CPU
		{33795769-B3ED-458F-A4F6-7CF61E3A712E}.Debug|ARM.ActiveCfg = Debug|Any CPU
		{33795769-B3ED-458F-A4F6-7CF61E3A712E}.Debug|ARM.Build.0 = Debug|Any CPU
		{33795769-B3ED-458F-A4F6-7CF61E3A712E}.Debug|iPhone.ActiveCfg = Debug|Any CPU
		{33795769-B3ED-458F-A4F6-7CF61E3A712E}.Debug|iPhone.Build.0 = Debug|Any CPU
		{33795769-B3ED-458F-A4F6-7CF61E3A712E}.Debug|iPhoneSimulator.ActiveCfg = Debug|Any CPU
		{33795769-B3ED-458F-A4F6-7CF61E3A712E}.Debug|iPhoneSimulator.Build.0 = Debug|Any CPU
		{33795769-B3ED-458F-A4F6-7CF61E3A712E}.Debug|x64.ActiveCfg = Debug|Any CPU
		{33795769-B3ED-458F-A4F6-7CF61E3A712E}.Debug|x64.Build.0 = Debug|Any CPU
		{33795769-B3ED-458F-A4F6-7CF61E3A712E}.Debug|x86.ActiveCfg = Debug|Any CPU
		{33795769-B3ED-458F-A4F6-7CF61E3A712E}.Debug|x86.Build.0 = Debug|Any CPU
		{33795769-B3ED-458F-A4F6-7CF61E3A712E}.Release|Any CPU.ActiveCfg = Release|Any CPU
		{33795769-B3ED-458F-A4F6-7CF61E3A712E}.Release|Any CPU.Build.0 = Release|Any CPU
		{33795769-B3ED-458F-A4F6-7CF61E3A712E}.Release|ARM.ActiveCfg = Release|Any CPU
		{33795769-B3ED-458F-A4F6-7CF61E3A712E}.Release|ARM.Build.0 = Release|Any CPU
		{33795769-B3ED-458F-A4F6-7CF61E3A712E}.Release|iPhone.ActiveCfg = Release|Any CPU
		{33795769-B3ED-458F-A4F6-7CF61E3A712E}.Release|iPhone.Build.0 = Release|Any CPU
		{33795769-B3ED-458F-A4F6-7CF61E3A712E}.Release|iPhoneSimulator.ActiveCfg = Release|Any CPU
		{33795769-B3ED-458F-A4F6-7CF61E3A712E}.Release|iPhoneSimulator.Build.0 = Release|Any CPU
		{33795769-B3ED-458F-A4F6-7CF61E3A712E}.Release|x64.ActiveCfg = Release|Any CPU
		{33795769-B3ED-458F-A4F6-7CF61E3A712E}.Release|x64.Build.0 = Release|Any CPU
		{33795769-B3ED-458F-A4F6-7CF61E3A712E}.Release|x86.ActiveCfg = Release|Any CPU
		{33795769-B3ED-458F-A4F6-7CF61E3A712E}.Release|x86.Build.0 = Release|Any CPU
		{7C00EACF-3031-4412-A593-5F6B225C785C}.Debug|Any CPU.ActiveCfg = Debug|Any CPU
		{7C00EACF-3031-4412-A593-5F6B225C785C}.Debug|ARM.ActiveCfg = Debug|Any CPU
		{7C00EACF-3031-4412-A593-5F6B225C785C}.Debug|ARM.Build.0 = Debug|Any CPU
		{7C00EACF-3031-4412-A593-5F6B225C785C}.Debug|iPhone.ActiveCfg = Debug|Any CPU
		{7C00EACF-3031-4412-A593-5F6B225C785C}.Debug|iPhone.Build.0 = Debug|Any CPU
		{7C00EACF-3031-4412-A593-5F6B225C785C}.Debug|iPhoneSimulator.ActiveCfg = Debug|Any CPU
		{7C00EACF-3031-4412-A593-5F6B225C785C}.Debug|iPhoneSimulator.Build.0 = Debug|Any CPU
		{7C00EACF-3031-4412-A593-5F6B225C785C}.Debug|x64.ActiveCfg = Debug|Any CPU
		{7C00EACF-3031-4412-A593-5F6B225C785C}.Debug|x64.Build.0 = Debug|Any CPU
		{7C00EACF-3031-4412-A593-5F6B225C785C}.Debug|x86.ActiveCfg = Debug|Any CPU
		{7C00EACF-3031-4412-A593-5F6B225C785C}.Debug|x86.Build.0 = Debug|Any CPU
		{7C00EACF-3031-4412-A593-5F6B225C785C}.Release|Any CPU.ActiveCfg = Debug|Any CPU
		{7C00EACF-3031-4412-A593-5F6B225C785C}.Release|ARM.ActiveCfg = Debug|Any CPU
		{7C00EACF-3031-4412-A593-5F6B225C785C}.Release|ARM.Build.0 = Debug|Any CPU
		{7C00EACF-3031-4412-A593-5F6B225C785C}.Release|iPhone.ActiveCfg = Debug|Any CPU
		{7C00EACF-3031-4412-A593-5F6B225C785C}.Release|iPhone.Build.0 = Debug|Any CPU
		{7C00EACF-3031-4412-A593-5F6B225C785C}.Release|iPhoneSimulator.ActiveCfg = Debug|Any CPU
		{7C00EACF-3031-4412-A593-5F6B225C785C}.Release|iPhoneSimulator.Build.0 = Debug|Any CPU
		{7C00EACF-3031-4412-A593-5F6B225C785C}.Release|x64.ActiveCfg = Debug|Any CPU
		{7C00EACF-3031-4412-A593-5F6B225C785C}.Release|x64.Build.0 = Debug|Any CPU
		{7C00EACF-3031-4412-A593-5F6B225C785C}.Release|x86.ActiveCfg = Debug|Any CPU
		{7C00EACF-3031-4412-A593-5F6B225C785C}.Release|x86.Build.0 = Debug|Any CPU
		{DE4AE98E-08A0-414E-AA5F-D85ACA866E59}.Debug|Any CPU.ActiveCfg = Debug|Any CPU
		{DE4AE98E-08A0-414E-AA5F-D85ACA866E59}.Debug|Any CPU.Build.0 = Debug|Any CPU
		{DE4AE98E-08A0-414E-AA5F-D85ACA866E59}.Debug|ARM.ActiveCfg = Debug|Any CPU
		{DE4AE98E-08A0-414E-AA5F-D85ACA866E59}.Debug|ARM.Build.0 = Debug|Any CPU
		{DE4AE98E-08A0-414E-AA5F-D85ACA866E59}.Debug|iPhone.ActiveCfg = Debug|Any CPU
		{DE4AE98E-08A0-414E-AA5F-D85ACA866E59}.Debug|iPhone.Build.0 = Debug|Any CPU
		{DE4AE98E-08A0-414E-AA5F-D85ACA866E59}.Debug|iPhoneSimulator.ActiveCfg = Debug|Any CPU
		{DE4AE98E-08A0-414E-AA5F-D85ACA866E59}.Debug|iPhoneSimulator.Build.0 = Debug|Any CPU
		{DE4AE98E-08A0-414E-AA5F-D85ACA866E59}.Debug|x64.ActiveCfg = Debug|Any CPU
		{DE4AE98E-08A0-414E-AA5F-D85ACA866E59}.Debug|x64.Build.0 = Debug|Any CPU
		{DE4AE98E-08A0-414E-AA5F-D85ACA866E59}.Debug|x86.ActiveCfg = Debug|Any CPU
		{DE4AE98E-08A0-414E-AA5F-D85ACA866E59}.Debug|x86.Build.0 = Debug|Any CPU
		{DE4AE98E-08A0-414E-AA5F-D85ACA866E59}.Release|Any CPU.ActiveCfg = Release|Any CPU
		{DE4AE98E-08A0-414E-AA5F-D85ACA866E59}.Release|Any CPU.Build.0 = Release|Any CPU
		{DE4AE98E-08A0-414E-AA5F-D85ACA866E59}.Release|ARM.ActiveCfg = Release|Any CPU
		{DE4AE98E-08A0-414E-AA5F-D85ACA866E59}.Release|ARM.Build.0 = Release|Any CPU
		{DE4AE98E-08A0-414E-AA5F-D85ACA866E59}.Release|iPhone.ActiveCfg = Release|Any CPU
		{DE4AE98E-08A0-414E-AA5F-D85ACA866E59}.Release|iPhone.Build.0 = Release|Any CPU
		{DE4AE98E-08A0-414E-AA5F-D85ACA866E59}.Release|iPhoneSimulator.ActiveCfg = Release|Any CPU
		{DE4AE98E-08A0-414E-AA5F-D85ACA866E59}.Release|iPhoneSimulator.Build.0 = Release|Any CPU
		{DE4AE98E-08A0-414E-AA5F-D85ACA866E59}.Release|x64.ActiveCfg = Release|Any CPU
		{DE4AE98E-08A0-414E-AA5F-D85ACA866E59}.Release|x64.Build.0 = Release|Any CPU
		{DE4AE98E-08A0-414E-AA5F-D85ACA866E59}.Release|x86.ActiveCfg = Release|Any CPU
		{DE4AE98E-08A0-414E-AA5F-D85ACA866E59}.Release|x86.Build.0 = Release|Any CPU
		{3BED8D8E-7779-4747-802C-89B8501F6AAE}.Debug|Any CPU.ActiveCfg = Debug|Any CPU
		{3BED8D8E-7779-4747-802C-89B8501F6AAE}.Debug|Any CPU.Build.0 = Debug|Any CPU
		{3BED8D8E-7779-4747-802C-89B8501F6AAE}.Debug|ARM.ActiveCfg = Debug|Any CPU
		{3BED8D8E-7779-4747-802C-89B8501F6AAE}.Debug|ARM.Build.0 = Debug|Any CPU
		{3BED8D8E-7779-4747-802C-89B8501F6AAE}.Debug|iPhone.ActiveCfg = Debug|Any CPU
		{3BED8D8E-7779-4747-802C-89B8501F6AAE}.Debug|iPhone.Build.0 = Debug|Any CPU
		{3BED8D8E-7779-4747-802C-89B8501F6AAE}.Debug|iPhoneSimulator.ActiveCfg = Debug|Any CPU
		{3BED8D8E-7779-4747-802C-89B8501F6AAE}.Debug|iPhoneSimulator.Build.0 = Debug|Any CPU
		{3BED8D8E-7779-4747-802C-89B8501F6AAE}.Debug|x64.ActiveCfg = Debug|Any CPU
		{3BED8D8E-7779-4747-802C-89B8501F6AAE}.Debug|x64.Build.0 = Debug|Any CPU
		{3BED8D8E-7779-4747-802C-89B8501F6AAE}.Debug|x86.ActiveCfg = Debug|Any CPU
		{3BED8D8E-7779-4747-802C-89B8501F6AAE}.Debug|x86.Build.0 = Debug|Any CPU
		{3BED8D8E-7779-4747-802C-89B8501F6AAE}.Release|Any CPU.ActiveCfg = Release|Any CPU
		{3BED8D8E-7779-4747-802C-89B8501F6AAE}.Release|Any CPU.Build.0 = Release|Any CPU
		{3BED8D8E-7779-4747-802C-89B8501F6AAE}.Release|ARM.ActiveCfg = Release|Any CPU
		{3BED8D8E-7779-4747-802C-89B8501F6AAE}.Release|ARM.Build.0 = Release|Any CPU
		{3BED8D8E-7779-4747-802C-89B8501F6AAE}.Release|iPhone.ActiveCfg = Release|Any CPU
		{3BED8D8E-7779-4747-802C-89B8501F6AAE}.Release|iPhone.Build.0 = Release|Any CPU
		{3BED8D8E-7779-4747-802C-89B8501F6AAE}.Release|iPhoneSimulator.ActiveCfg = Release|Any CPU
		{3BED8D8E-7779-4747-802C-89B8501F6AAE}.Release|iPhoneSimulator.Build.0 = Release|Any CPU
		{3BED8D8E-7779-4747-802C-89B8501F6AAE}.Release|x64.ActiveCfg = Release|Any CPU
		{3BED8D8E-7779-4747-802C-89B8501F6AAE}.Release|x64.Build.0 = Release|Any CPU
		{3BED8D8E-7779-4747-802C-89B8501F6AAE}.Release|x86.ActiveCfg = Release|Any CPU
		{3BED8D8E-7779-4747-802C-89B8501F6AAE}.Release|x86.Build.0 = Release|Any CPU
		{8E366AC7-2035-4573-B99C-0D908F4D74D5}.Debug|Any CPU.ActiveCfg = Debug|Any CPU
		{8E366AC7-2035-4573-B99C-0D908F4D74D5}.Debug|Any CPU.Build.0 = Debug|Any CPU
		{8E366AC7-2035-4573-B99C-0D908F4D74D5}.Debug|ARM.ActiveCfg = Debug|Any CPU
		{8E366AC7-2035-4573-B99C-0D908F4D74D5}.Debug|ARM.Build.0 = Debug|Any CPU
		{8E366AC7-2035-4573-B99C-0D908F4D74D5}.Debug|iPhone.ActiveCfg = Debug|Any CPU
		{8E366AC7-2035-4573-B99C-0D908F4D74D5}.Debug|iPhone.Build.0 = Debug|Any CPU
		{8E366AC7-2035-4573-B99C-0D908F4D74D5}.Debug|iPhoneSimulator.ActiveCfg = Debug|Any CPU
		{8E366AC7-2035-4573-B99C-0D908F4D74D5}.Debug|iPhoneSimulator.Build.0 = Debug|Any CPU
		{8E366AC7-2035-4573-B99C-0D908F4D74D5}.Debug|x64.ActiveCfg = Debug|Any CPU
		{8E366AC7-2035-4573-B99C-0D908F4D74D5}.Debug|x64.Build.0 = Debug|Any CPU
		{8E366AC7-2035-4573-B99C-0D908F4D74D5}.Debug|x86.ActiveCfg = Debug|Any CPU
		{8E366AC7-2035-4573-B99C-0D908F4D74D5}.Debug|x86.Build.0 = Debug|Any CPU
		{8E366AC7-2035-4573-B99C-0D908F4D74D5}.Release|Any CPU.ActiveCfg = Release|Any CPU
		{8E366AC7-2035-4573-B99C-0D908F4D74D5}.Release|Any CPU.Build.0 = Release|Any CPU
		{8E366AC7-2035-4573-B99C-0D908F4D74D5}.Release|ARM.ActiveCfg = Release|Any CPU
		{8E366AC7-2035-4573-B99C-0D908F4D74D5}.Release|ARM.Build.0 = Release|Any CPU
		{8E366AC7-2035-4573-B99C-0D908F4D74D5}.Release|iPhone.ActiveCfg = Release|Any CPU
		{8E366AC7-2035-4573-B99C-0D908F4D74D5}.Release|iPhone.Build.0 = Release|Any CPU
		{8E366AC7-2035-4573-B99C-0D908F4D74D5}.Release|iPhoneSimulator.ActiveCfg = Release|Any CPU
		{8E366AC7-2035-4573-B99C-0D908F4D74D5}.Release|iPhoneSimulator.Build.0 = Release|Any CPU
		{8E366AC7-2035-4573-B99C-0D908F4D74D5}.Release|x64.ActiveCfg = Release|Any CPU
		{8E366AC7-2035-4573-B99C-0D908F4D74D5}.Release|x64.Build.0 = Release|Any CPU
		{8E366AC7-2035-4573-B99C-0D908F4D74D5}.Release|x86.ActiveCfg = Release|Any CPU
		{8E366AC7-2035-4573-B99C-0D908F4D74D5}.Release|x86.Build.0 = Release|Any CPU
		{F7E8B348-8F78-4974-BDED-6A2022EFEDB5}.Debug|Any CPU.ActiveCfg = Debug|x64
		{F7E8B348-8F78-4974-BDED-6A2022EFEDB5}.Debug|Any CPU.Build.0 = Debug|x64
		{F7E8B348-8F78-4974-BDED-6A2022EFEDB5}.Debug|Any CPU.Deploy.0 = Debug|x64
		{F7E8B348-8F78-4974-BDED-6A2022EFEDB5}.Debug|ARM.ActiveCfg = Debug|ARM
		{F7E8B348-8F78-4974-BDED-6A2022EFEDB5}.Debug|ARM.Build.0 = Debug|ARM
		{F7E8B348-8F78-4974-BDED-6A2022EFEDB5}.Debug|ARM.Deploy.0 = Debug|ARM
		{F7E8B348-8F78-4974-BDED-6A2022EFEDB5}.Debug|iPhone.ActiveCfg = Debug|x64
		{F7E8B348-8F78-4974-BDED-6A2022EFEDB5}.Debug|iPhone.Build.0 = Debug|x64
		{F7E8B348-8F78-4974-BDED-6A2022EFEDB5}.Debug|iPhone.Deploy.0 = Debug|x64
		{F7E8B348-8F78-4974-BDED-6A2022EFEDB5}.Debug|iPhoneSimulator.ActiveCfg = Debug|x64
		{F7E8B348-8F78-4974-BDED-6A2022EFEDB5}.Debug|iPhoneSimulator.Build.0 = Debug|x64
		{F7E8B348-8F78-4974-BDED-6A2022EFEDB5}.Debug|iPhoneSimulator.Deploy.0 = Debug|x64
		{F7E8B348-8F78-4974-BDED-6A2022EFEDB5}.Debug|x64.ActiveCfg = Debug|x64
		{F7E8B348-8F78-4974-BDED-6A2022EFEDB5}.Debug|x64.Build.0 = Debug|x64
		{F7E8B348-8F78-4974-BDED-6A2022EFEDB5}.Debug|x64.Deploy.0 = Debug|x64
		{F7E8B348-8F78-4974-BDED-6A2022EFEDB5}.Debug|x86.ActiveCfg = Debug|x86
		{F7E8B348-8F78-4974-BDED-6A2022EFEDB5}.Debug|x86.Build.0 = Debug|x86
		{F7E8B348-8F78-4974-BDED-6A2022EFEDB5}.Debug|x86.Deploy.0 = Debug|x86
		{F7E8B348-8F78-4974-BDED-6A2022EFEDB5}.Release|Any CPU.ActiveCfg = Release|x64
		{F7E8B348-8F78-4974-BDED-6A2022EFEDB5}.Release|Any CPU.Build.0 = Release|x64
		{F7E8B348-8F78-4974-BDED-6A2022EFEDB5}.Release|Any CPU.Deploy.0 = Release|x64
		{F7E8B348-8F78-4974-BDED-6A2022EFEDB5}.Release|ARM.ActiveCfg = Release|ARM
		{F7E8B348-8F78-4974-BDED-6A2022EFEDB5}.Release|ARM.Build.0 = Release|ARM
		{F7E8B348-8F78-4974-BDED-6A2022EFEDB5}.Release|ARM.Deploy.0 = Release|ARM
		{F7E8B348-8F78-4974-BDED-6A2022EFEDB5}.Release|iPhone.ActiveCfg = Release|x64
		{F7E8B348-8F78-4974-BDED-6A2022EFEDB5}.Release|iPhone.Build.0 = Release|x64
		{F7E8B348-8F78-4974-BDED-6A2022EFEDB5}.Release|iPhone.Deploy.0 = Release|x64
		{F7E8B348-8F78-4974-BDED-6A2022EFEDB5}.Release|iPhoneSimulator.ActiveCfg = Release|x64
		{F7E8B348-8F78-4974-BDED-6A2022EFEDB5}.Release|iPhoneSimulator.Build.0 = Release|x64
		{F7E8B348-8F78-4974-BDED-6A2022EFEDB5}.Release|iPhoneSimulator.Deploy.0 = Release|x64
		{F7E8B348-8F78-4974-BDED-6A2022EFEDB5}.Release|x64.ActiveCfg = Release|x64
		{F7E8B348-8F78-4974-BDED-6A2022EFEDB5}.Release|x64.Build.0 = Release|x64
		{F7E8B348-8F78-4974-BDED-6A2022EFEDB5}.Release|x64.Deploy.0 = Release|x64
		{F7E8B348-8F78-4974-BDED-6A2022EFEDB5}.Release|x86.ActiveCfg = Release|x86
		{F7E8B348-8F78-4974-BDED-6A2022EFEDB5}.Release|x86.Build.0 = Release|x86
		{F7E8B348-8F78-4974-BDED-6A2022EFEDB5}.Release|x86.Deploy.0 = Release|x86
		{5619DB8E-32E2-434E-9D9E-2DA301F01DDA}.Debug|Any CPU.ActiveCfg = Debug|Any CPU
		{5619DB8E-32E2-434E-9D9E-2DA301F01DDA}.Debug|Any CPU.Build.0 = Debug|Any CPU
		{5619DB8E-32E2-434E-9D9E-2DA301F01DDA}.Debug|Any CPU.Deploy.0 = Debug|Any CPU
		{5619DB8E-32E2-434E-9D9E-2DA301F01DDA}.Debug|ARM.ActiveCfg = Debug|Any CPU
		{5619DB8E-32E2-434E-9D9E-2DA301F01DDA}.Debug|ARM.Build.0 = Debug|Any CPU
		{5619DB8E-32E2-434E-9D9E-2DA301F01DDA}.Debug|ARM.Deploy.0 = Debug|Any CPU
		{5619DB8E-32E2-434E-9D9E-2DA301F01DDA}.Debug|iPhone.ActiveCfg = Debug|Any CPU
		{5619DB8E-32E2-434E-9D9E-2DA301F01DDA}.Debug|iPhone.Build.0 = Debug|Any CPU
		{5619DB8E-32E2-434E-9D9E-2DA301F01DDA}.Debug|iPhone.Deploy.0 = Debug|Any CPU
		{5619DB8E-32E2-434E-9D9E-2DA301F01DDA}.Debug|iPhoneSimulator.ActiveCfg = Debug|Any CPU
		{5619DB8E-32E2-434E-9D9E-2DA301F01DDA}.Debug|iPhoneSimulator.Build.0 = Debug|Any CPU
		{5619DB8E-32E2-434E-9D9E-2DA301F01DDA}.Debug|iPhoneSimulator.Deploy.0 = Debug|Any CPU
		{5619DB8E-32E2-434E-9D9E-2DA301F01DDA}.Debug|x64.ActiveCfg = Debug|Any CPU
		{5619DB8E-32E2-434E-9D9E-2DA301F01DDA}.Debug|x64.Build.0 = Debug|Any CPU
		{5619DB8E-32E2-434E-9D9E-2DA301F01DDA}.Debug|x64.Deploy.0 = Debug|Any CPU
		{5619DB8E-32E2-434E-9D9E-2DA301F01DDA}.Debug|x86.ActiveCfg = Debug|Any CPU
		{5619DB8E-32E2-434E-9D9E-2DA301F01DDA}.Debug|x86.Build.0 = Debug|Any CPU
		{5619DB8E-32E2-434E-9D9E-2DA301F01DDA}.Debug|x86.Deploy.0 = Debug|Any CPU
		{5619DB8E-32E2-434E-9D9E-2DA301F01DDA}.Release|Any CPU.ActiveCfg = Release|Any CPU
		{5619DB8E-32E2-434E-9D9E-2DA301F01DDA}.Release|Any CPU.Build.0 = Release|Any CPU
		{5619DB8E-32E2-434E-9D9E-2DA301F01DDA}.Release|Any CPU.Deploy.0 = Release|Any CPU
		{5619DB8E-32E2-434E-9D9E-2DA301F01DDA}.Release|ARM.ActiveCfg = Release|Any CPU
		{5619DB8E-32E2-434E-9D9E-2DA301F01DDA}.Release|ARM.Build.0 = Release|Any CPU
		{5619DB8E-32E2-434E-9D9E-2DA301F01DDA}.Release|ARM.Deploy.0 = Release|Any CPU
		{5619DB8E-32E2-434E-9D9E-2DA301F01DDA}.Release|iPhone.ActiveCfg = Release|Any CPU
		{5619DB8E-32E2-434E-9D9E-2DA301F01DDA}.Release|iPhone.Build.0 = Release|Any CPU
		{5619DB8E-32E2-434E-9D9E-2DA301F01DDA}.Release|iPhone.Deploy.0 = Release|Any CPU
		{5619DB8E-32E2-434E-9D9E-2DA301F01DDA}.Release|iPhoneSimulator.ActiveCfg = Release|Any CPU
		{5619DB8E-32E2-434E-9D9E-2DA301F01DDA}.Release|iPhoneSimulator.Build.0 = Release|Any CPU
		{5619DB8E-32E2-434E-9D9E-2DA301F01DDA}.Release|iPhoneSimulator.Deploy.0 = Release|Any CPU
		{5619DB8E-32E2-434E-9D9E-2DA301F01DDA}.Release|x64.ActiveCfg = Release|Any CPU
		{5619DB8E-32E2-434E-9D9E-2DA301F01DDA}.Release|x64.Build.0 = Release|Any CPU
		{5619DB8E-32E2-434E-9D9E-2DA301F01DDA}.Release|x64.Deploy.0 = Release|Any CPU
		{5619DB8E-32E2-434E-9D9E-2DA301F01DDA}.Release|x86.ActiveCfg = Release|Any CPU
		{5619DB8E-32E2-434E-9D9E-2DA301F01DDA}.Release|x86.Build.0 = Release|Any CPU
		{5619DB8E-32E2-434E-9D9E-2DA301F01DDA}.Release|x86.Deploy.0 = Release|Any CPU
		{00FE2E51-C322-47FC-AE61-3C9581579582}.Debug|Any CPU.ActiveCfg = Debug|iPhoneSimulator
		{00FE2E51-C322-47FC-AE61-3C9581579582}.Debug|Any CPU.Build.0 = Debug|iPhoneSimulator
		{00FE2E51-C322-47FC-AE61-3C9581579582}.Debug|ARM.ActiveCfg = Debug|iPhoneSimulator
		{00FE2E51-C322-47FC-AE61-3C9581579582}.Debug|ARM.Build.0 = Debug|iPhoneSimulator
		{00FE2E51-C322-47FC-AE61-3C9581579582}.Debug|iPhone.ActiveCfg = Debug|iPhone
		{00FE2E51-C322-47FC-AE61-3C9581579582}.Debug|iPhone.Build.0 = Debug|iPhone
		{00FE2E51-C322-47FC-AE61-3C9581579582}.Debug|iPhoneSimulator.ActiveCfg = Debug|iPhoneSimulator
		{00FE2E51-C322-47FC-AE61-3C9581579582}.Debug|iPhoneSimulator.Build.0 = Debug|iPhoneSimulator
		{00FE2E51-C322-47FC-AE61-3C9581579582}.Debug|x64.ActiveCfg = Debug|iPhoneSimulator
		{00FE2E51-C322-47FC-AE61-3C9581579582}.Debug|x64.Build.0 = Debug|iPhoneSimulator
		{00FE2E51-C322-47FC-AE61-3C9581579582}.Debug|x86.ActiveCfg = Debug|iPhoneSimulator
		{00FE2E51-C322-47FC-AE61-3C9581579582}.Debug|x86.Build.0 = Debug|iPhoneSimulator
		{00FE2E51-C322-47FC-AE61-3C9581579582}.Release|Any CPU.ActiveCfg = Release|iPhoneSimulator
		{00FE2E51-C322-47FC-AE61-3C9581579582}.Release|Any CPU.Build.0 = Release|iPhoneSimulator
		{00FE2E51-C322-47FC-AE61-3C9581579582}.Release|ARM.ActiveCfg = Release|iPhoneSimulator
		{00FE2E51-C322-47FC-AE61-3C9581579582}.Release|ARM.Build.0 = Release|iPhoneSimulator
		{00FE2E51-C322-47FC-AE61-3C9581579582}.Release|iPhone.ActiveCfg = Release|iPhone
		{00FE2E51-C322-47FC-AE61-3C9581579582}.Release|iPhone.Build.0 = Release|iPhone
		{00FE2E51-C322-47FC-AE61-3C9581579582}.Release|iPhoneSimulator.ActiveCfg = Release|iPhoneSimulator
		{00FE2E51-C322-47FC-AE61-3C9581579582}.Release|iPhoneSimulator.Build.0 = Release|iPhoneSimulator
		{00FE2E51-C322-47FC-AE61-3C9581579582}.Release|x64.ActiveCfg = Release|iPhoneSimulator
		{00FE2E51-C322-47FC-AE61-3C9581579582}.Release|x64.Build.0 = Release|iPhoneSimulator
		{00FE2E51-C322-47FC-AE61-3C9581579582}.Release|x86.ActiveCfg = Release|iPhoneSimulator
		{00FE2E51-C322-47FC-AE61-3C9581579582}.Release|x86.Build.0 = Release|iPhoneSimulator
		{551E99A2-6E0C-4B52-90BC-1BEFDB4FB55C}.Debug|Any CPU.ActiveCfg = Debug|Any CPU
		{551E99A2-6E0C-4B52-90BC-1BEFDB4FB55C}.Debug|Any CPU.Build.0 = Debug|Any CPU
		{551E99A2-6E0C-4B52-90BC-1BEFDB4FB55C}.Debug|ARM.ActiveCfg = Debug|Any CPU
		{551E99A2-6E0C-4B52-90BC-1BEFDB4FB55C}.Debug|ARM.Build.0 = Debug|Any CPU
		{551E99A2-6E0C-4B52-90BC-1BEFDB4FB55C}.Debug|iPhone.ActiveCfg = Debug|Any CPU
		{551E99A2-6E0C-4B52-90BC-1BEFDB4FB55C}.Debug|iPhone.Build.0 = Debug|Any CPU
		{551E99A2-6E0C-4B52-90BC-1BEFDB4FB55C}.Debug|iPhoneSimulator.ActiveCfg = Debug|Any CPU
		{551E99A2-6E0C-4B52-90BC-1BEFDB4FB55C}.Debug|iPhoneSimulator.Build.0 = Debug|Any CPU
		{551E99A2-6E0C-4B52-90BC-1BEFDB4FB55C}.Debug|x64.ActiveCfg = Debug|Any CPU
		{551E99A2-6E0C-4B52-90BC-1BEFDB4FB55C}.Debug|x64.Build.0 = Debug|Any CPU
		{551E99A2-6E0C-4B52-90BC-1BEFDB4FB55C}.Debug|x86.ActiveCfg = Debug|Any CPU
		{551E99A2-6E0C-4B52-90BC-1BEFDB4FB55C}.Debug|x86.Build.0 = Debug|Any CPU
		{551E99A2-6E0C-4B52-90BC-1BEFDB4FB55C}.Release|Any CPU.ActiveCfg = Release|Any CPU
		{551E99A2-6E0C-4B52-90BC-1BEFDB4FB55C}.Release|Any CPU.Build.0 = Release|Any CPU
		{551E99A2-6E0C-4B52-90BC-1BEFDB4FB55C}.Release|ARM.ActiveCfg = Release|Any CPU
		{551E99A2-6E0C-4B52-90BC-1BEFDB4FB55C}.Release|ARM.Build.0 = Release|Any CPU
		{551E99A2-6E0C-4B52-90BC-1BEFDB4FB55C}.Release|iPhone.ActiveCfg = Release|Any CPU
		{551E99A2-6E0C-4B52-90BC-1BEFDB4FB55C}.Release|iPhone.Build.0 = Release|Any CPU
		{551E99A2-6E0C-4B52-90BC-1BEFDB4FB55C}.Release|iPhoneSimulator.ActiveCfg = Release|Any CPU
		{551E99A2-6E0C-4B52-90BC-1BEFDB4FB55C}.Release|iPhoneSimulator.Build.0 = Release|Any CPU
		{551E99A2-6E0C-4B52-90BC-1BEFDB4FB55C}.Release|x64.ActiveCfg = Release|Any CPU
		{551E99A2-6E0C-4B52-90BC-1BEFDB4FB55C}.Release|x64.Build.0 = Release|Any CPU
		{551E99A2-6E0C-4B52-90BC-1BEFDB4FB55C}.Release|x86.ActiveCfg = Release|Any CPU
		{551E99A2-6E0C-4B52-90BC-1BEFDB4FB55C}.Release|x86.Build.0 = Release|Any CPU
		{F434C6C3-E790-4BBF-9487-F3F8C11F0DF8}.Debug|Any CPU.ActiveCfg = Debug|Any CPU
		{F434C6C3-E790-4BBF-9487-F3F8C11F0DF8}.Debug|Any CPU.Build.0 = Debug|Any CPU
		{F434C6C3-E790-4BBF-9487-F3F8C11F0DF8}.Debug|ARM.ActiveCfg = Debug|Any CPU
		{F434C6C3-E790-4BBF-9487-F3F8C11F0DF8}.Debug|ARM.Build.0 = Debug|Any CPU
		{F434C6C3-E790-4BBF-9487-F3F8C11F0DF8}.Debug|iPhone.ActiveCfg = Debug|Any CPU
		{F434C6C3-E790-4BBF-9487-F3F8C11F0DF8}.Debug|iPhone.Build.0 = Debug|Any CPU
		{F434C6C3-E790-4BBF-9487-F3F8C11F0DF8}.Debug|iPhoneSimulator.ActiveCfg = Debug|Any CPU
		{F434C6C3-E790-4BBF-9487-F3F8C11F0DF8}.Debug|iPhoneSimulator.Build.0 = Debug|Any CPU
		{F434C6C3-E790-4BBF-9487-F3F8C11F0DF8}.Debug|x64.ActiveCfg = Debug|Any CPU
		{F434C6C3-E790-4BBF-9487-F3F8C11F0DF8}.Debug|x64.Build.0 = Debug|Any CPU
		{F434C6C3-E790-4BBF-9487-F3F8C11F0DF8}.Debug|x86.ActiveCfg = Debug|Any CPU
		{F434C6C3-E790-4BBF-9487-F3F8C11F0DF8}.Debug|x86.Build.0 = Debug|Any CPU
		{F434C6C3-E790-4BBF-9487-F3F8C11F0DF8}.Release|Any CPU.ActiveCfg = Release|Any CPU
		{F434C6C3-E790-4BBF-9487-F3F8C11F0DF8}.Release|Any CPU.Build.0 = Release|Any CPU
		{F434C6C3-E790-4BBF-9487-F3F8C11F0DF8}.Release|ARM.ActiveCfg = Release|Any CPU
		{F434C6C3-E790-4BBF-9487-F3F8C11F0DF8}.Release|ARM.Build.0 = Release|Any CPU
		{F434C6C3-E790-4BBF-9487-F3F8C11F0DF8}.Release|iPhone.ActiveCfg = Release|Any CPU
		{F434C6C3-E790-4BBF-9487-F3F8C11F0DF8}.Release|iPhone.Build.0 = Release|Any CPU
		{F434C6C3-E790-4BBF-9487-F3F8C11F0DF8}.Release|iPhoneSimulator.ActiveCfg = Release|Any CPU
		{F434C6C3-E790-4BBF-9487-F3F8C11F0DF8}.Release|iPhoneSimulator.Build.0 = Release|Any CPU
		{F434C6C3-E790-4BBF-9487-F3F8C11F0DF8}.Release|x64.ActiveCfg = Release|Any CPU
		{F434C6C3-E790-4BBF-9487-F3F8C11F0DF8}.Release|x64.Build.0 = Release|Any CPU
		{F434C6C3-E790-4BBF-9487-F3F8C11F0DF8}.Release|x86.ActiveCfg = Release|Any CPU
		{F434C6C3-E790-4BBF-9487-F3F8C11F0DF8}.Release|x86.Build.0 = Release|Any CPU
	EndGlobalSection
	GlobalSection(SolutionProperties) = preSolution
		HideSolutionNode = FALSE
	EndGlobalSection
	GlobalSection(NestedProjects) = preSolution
		{59455ADE-E0A7-4C35-862C-4D63EA890641} = {F972350C-E07D-410F-895B-7CD18252081C}
		{96277A9E-523D-4BBB-905D-F1A8F22EC6DA} = {66700910-7C23-4152-86BF-3264F7C559B5}
		{5F5AC2C4-BC43-44C4-89D6-E34AFCEAB2E3} = {57B7F627-2930-42C1-B3E8-AFA7E24590BF}
		{F2E8B871-E1AD-4A31-9147-4A89DF7A061B} = {0AAC6FAB-3B5C-4AB6-B1EB-F0F5AC425208}
		{C51DCAE8-0CE8-4287-A027-129A101769DD} = {A4963617-B70D-4151-B1C9-53003D269EA6}
		{9948B52C-E98A-4A59-8B77-AC3E3069868F} = {100A1A9C-0013-4880-BCDD-97D4112A29EE}
		{66700910-7C23-4152-86BF-3264F7C559B5} = {F97114EB-7BE1-406B-8993-128692D04CB8}
		{33795769-B3ED-458F-A4F6-7CF61E3A712E} = {66700910-7C23-4152-86BF-3264F7C559B5}
		{100A1A9C-0013-4880-BCDD-97D4112A29EE} = {F97114EB-7BE1-406B-8993-128692D04CB8}
		{57B7F627-2930-42C1-B3E8-AFA7E24590BF} = {F97114EB-7BE1-406B-8993-128692D04CB8}
		{7C00EACF-3031-4412-A593-5F6B225C785C} = {B5B48195-0D98-40F2-AB5A-54E5D8411832}
		{0AAC6FAB-3B5C-4AB6-B1EB-F0F5AC425208} = {F97114EB-7BE1-406B-8993-128692D04CB8}
		{DD8166B8-761E-43DF-8A63-C2B9986087F9} = {F97114EB-7BE1-406B-8993-128692D04CB8}
		{0584ADF7-1514-4EF8-87DC-AEB8D2771935} = {F97114EB-7BE1-406B-8993-128692D04CB8}
		{DE4AE98E-08A0-414E-AA5F-D85ACA866E59} = {66700910-7C23-4152-86BF-3264F7C559B5}
		{B5B48195-0D98-40F2-AB5A-54E5D8411832} = {0584ADF7-1514-4EF8-87DC-AEB8D2771935}
		{A4963617-B70D-4151-B1C9-53003D269EA6} = {0584ADF7-1514-4EF8-87DC-AEB8D2771935}
		{3BED8D8E-7779-4747-802C-89B8501F6AAE} = {A4963617-B70D-4151-B1C9-53003D269EA6}
		{8E366AC7-2035-4573-B99C-0D908F4D74D5} = {A4963617-B70D-4151-B1C9-53003D269EA6}
		{BFC6D95E-74CD-4862-AEDF-EDDAE719DC14} = {0584ADF7-1514-4EF8-87DC-AEB8D2771935}
		{F7E8B348-8F78-4974-BDED-6A2022EFEDB5} = {BFC6D95E-74CD-4862-AEDF-EDDAE719DC14}
		{5619DB8E-32E2-434E-9D9E-2DA301F01DDA} = {BFC6D95E-74CD-4862-AEDF-EDDAE719DC14}
		{00FE2E51-C322-47FC-AE61-3C9581579582} = {BFC6D95E-74CD-4862-AEDF-EDDAE719DC14}
		{551E99A2-6E0C-4B52-90BC-1BEFDB4FB55C} = {BFC6D95E-74CD-4862-AEDF-EDDAE719DC14}
		{F434C6C3-E790-4BBF-9487-F3F8C11F0DF8} = {DD8166B8-761E-43DF-8A63-C2B9986087F9}
		{DB314D0A-0645-4FB8-931C-EB36507CC653} = {FC1392D6-EA05-46BF-9824-54D82FEE173E}
		{FAF8C868-6AF1-43C6-ACD1-4DE0EED53FC7} = {FC1392D6-EA05-46BF-9824-54D82FEE173E}
		{6416C4A2-C770-4583-B1AC-C85309781A71} = {FC1392D6-EA05-46BF-9824-54D82FEE173E}
		{589AC98A-C562-4BC0-9DED-F59FE173314C} = {FC1392D6-EA05-46BF-9824-54D82FEE173E}
		{F972350C-E07D-410F-895B-7CD18252081C} = {FC1392D6-EA05-46BF-9824-54D82FEE173E}
		{7415AA04-0E77-4DC1-B552-EF9C5FA6FB1E} = {FC1392D6-EA05-46BF-9824-54D82FEE173E}
	EndGlobalSection
	GlobalSection(ExtensibilityGlobals) = postSolution
		SolutionGuid = {09375F39-ADD7-4F80-B93C-C11CF970E1B6}
	EndGlobalSection
EndGlobal
